
Microsoft Visual Studio Solution File, Format Version 12.00
# Visual Studio Version 17
VisualStudioVersion = 17.5.33627.172
MinimumVisualStudioVersion = 10.0.40219.1
Project("{FAE04EC0-301F-11D3-BF4B-00C04F79EFBC}") = "StrayaMinerLauncherDev001", "StrayaMinerLauncherDev001\StrayaMinerLauncherDev001.csproj", "{D6A3D338-2D41-41CE-B83E-7198D77341BC}"
EndProject
Global
	GlobalSection(SolutionConfigurationPlatforms) = preSolution
		Debug|Any CPU = Debug|Any CPU
		Release|Any CPU = Release|Any CPU
	EndGlobalSection
	GlobalSection(ProjectConfigurationPlatforms) = postSolution
		{D6A3D338-2D41-41CE-B83E-7198D77341BC}.Debug|Any CPU.ActiveCfg = Debug|Any CPU
		{D6A3D338-2D41-41CE-B83E-7198D77341BC}.Debug|Any CPU.Build.0 = Debug|Any CPU
		{D6A3D338-2D41-41CE-B83E-7198D77341BC}.Release|Any CPU.ActiveCfg = Release|Any CPU
		{D6A3D338-2D41-41CE-B83E-7198D77341BC}.Release|Any CPU.Build.0 = Release|Any CPU
	EndGlobalSection
	GlobalSection(SolutionProperties) = preSolution
		HideSolutionNode = FALSE
	EndGlobalSection
	GlobalSection(ExtensibilityGlobals) = postSolution
		SolutionGuid = {CA277D29-E954-4A0B-8497-4C3A8242C89C}
	EndGlobalSection
EndGlobal
